
Microsoft Visual Studio Solution File, Format Version 12.00
# Visual Studio Version 16
VisualStudioVersion = 16.0.31702.278
MinimumVisualStudioVersion = 10.0.40219.1
Project("{FAE04EC0-301F-11D3-BF4B-00C04F79EFBC}") = "Exercicio1", "Exercicio1.csproj", "{720B70F4-04AF-4574-B089-767D6BB8CECF}"
EndProject
Global
	GlobalSection(SolutionConfigurationPlatforms) = preSolution
		Debug|Any CPU = Debug|Any CPU
		Release|Any CPU = Release|Any CPU
	EndGlobalSection
	GlobalSection(ProjectConfigurationPlatforms) = postSolution
		{720B70F4-04AF-4574-B089-767D6BB8CECF}.Debug|Any CPU.ActiveCfg = Debug|Any CPU
		{720B70F4-04AF-4574-B089-767D6BB8CECF}.Debug|Any CPU.Build.0 = Debug|Any CPU
		{720B70F4-04AF-4574-B089-767D6BB8CECF}.Release|Any CPU.ActiveCfg = Release|Any CPU
		{720B70F4-04AF-4574-B089-767D6BB8CECF}.Release|Any CPU.Build.0 = Release|Any CPU
	EndGlobalSection
	GlobalSection(SolutionProperties) = preSolution
		HideSolutionNode = FALSE
	EndGlobalSection
	GlobalSection(ExtensibilityGlobals) = postSolution
		SolutionGuid = {3D6387E0-000E-4CD4-85A4-6A68B25D5D49}
	EndGlobalSection
EndGlobal
